
Microsoft Visual Studio Solution File, Format Version 12.00
# Visual Studio Version 17
VisualStudioVersion = 17.11.35017.193
MinimumVisualStudioVersion = 10.0.40219.1
Project("{FAE04EC0-301F-11D3-BF4B-00C04F79EFBC}") = "CSharpTranslatePicker", "CSharpTranslatePicker.csproj", "{A559323A-91FA-402A-883A-4614B193ABFB}"
EndProject
Global
	GlobalSection(SolutionConfigurationPlatforms) = preSolution
		Debug|Any CPU = Debug|Any CPU
		Release|Any CPU = Release|Any CPU
	EndGlobalSection
	GlobalSection(ProjectConfigurationPlatforms) = postSolution
		{A559323A-91FA-402A-883A-4614B193ABFB}.Debug|Any CPU.ActiveCfg = Debug|Any CPU
		{A559323A-91FA-402A-883A-4614B193ABFB}.Debug|Any CPU.Build.0 = Debug|Any CPU
		{A559323A-91FA-402A-883A-4614B193ABFB}.Release|Any CPU.ActiveCfg = Release|Any CPU
		{A559323A-91FA-402A-883A-4614B193ABFB}.Release|Any CPU.Build.0 = Release|Any CPU
	EndGlobalSection
	GlobalSection(SolutionProperties) = preSolution
		HideSolutionNode = FALSE
	EndGlobalSection
	GlobalSection(ExtensibilityGlobals) = postSolution
		SolutionGuid = {6D5EFB59-E301-430F-9CA2-8A77270D8BA8}
	EndGlobalSection
EndGlobal
